
Microsoft Visual Studio Solution File, Format Version 12.00
# Visual Studio Version 17
VisualStudioVersion = 17.5.33502.453
MinimumVisualStudioVersion = 10.0.40219.1
Project("{FAE04EC0-301F-11D3-BF4B-00C04F79EFBC}") = "LOCtool", "LOCtool\LOCtool.csproj", "{D703A82A-801B-4BCE-BA4F-6B76E6D5D484}"
EndProject
Global
	GlobalSection(SolutionConfigurationPlatforms) = preSolution
		Debug|Any CPU = Debug|Any CPU
		Release|Any CPU = Release|Any CPU
	EndGlobalSection
	GlobalSection(ProjectConfigurationPlatforms) = postSolution
		{D703A82A-801B-4BCE-BA4F-6B76E6D5D484}.Debug|Any CPU.ActiveCfg = Debug|Any CPU
		{D703A82A-801B-4BCE-BA4F-6B76E6D5D484}.Debug|Any CPU.Build.0 = Debug|Any CPU
		{D703A82A-801B-4BCE-BA4F-6B76E6D5D484}.Release|Any CPU.ActiveCfg = Release|Any CPU
		{D703A82A-801B-4BCE-BA4F-6B76E6D5D484}.Release|Any CPU.Build.0 = Release|Any CPU
	EndGlobalSection
	GlobalSection(SolutionProperties) = preSolution
		HideSolutionNode = FALSE
	EndGlobalSection
	GlobalSection(ExtensibilityGlobals) = postSolution
		SolutionGuid = {4BEC3DC7-4263-4F85-B505-CEC680BE065F}
	EndGlobalSection
EndGlobal
